{
  "version": 4,
  "terraform_version": "0.13.2",
  "serial": 3,
  "lineage": "6e71c1b0-b040-6029-9e33-b8452d188758",
  "outputs": {
    "external_ip_address_app": {
      "value": "51.250.80.195",
      "type": "string"
    },
    "external_ip_address_db": {
      "value": "51.250.91.147",
      "type": "string"
    }
  },
  "resources": [
    {
      "module": "module.app",
      "mode": "managed",
      "type": "yandex_compute_instance",
      "name": "app",
      "provider": "provider[\"registry.terraform.io/yandex-cloud/yandex\"]",
      "instances": [
        {
          "schema_version": 1,
          "attributes": {
            "allow_recreate": null,
            "allow_stopping_for_update": null,
            "boot_disk": [
              {
                "auto_delete": true,
                "device_name": "fhmd7e0frsv587f1g4t8",
                "disk_id": "fhmd7e0frsv587f1g4t8",
                "initialize_params": [
                  {
                    "block_size": 4096,
                    "description": "",
                    "image_id": "fd8tikooivj2brdamt4d",
                    "name": "",
                    "size": 10,
                    "snapshot_id": "",
                    "type": "network-hdd"
                  }
                ],
                "mode": "READ_WRITE"
              }
            ],
            "created_at": "2022-08-23T19:19:15Z",
            "description": "",
            "folder_id": "b1gn3qkiobqao5rviv11",
            "fqdn": "fhmckptem2nltrfgvjj9.auto.internal",
            "hostname": "",
            "id": "fhmckptem2nltrfgvjj9",
            "labels": {
              "tags": "reddit-app"
            },
            "local_disk": [],
            "metadata": {
              "ssh-keys": "ubuntu:ssh-rsa AAAAB3NzaC1yc2EAAAADAQABAAABgQC4m8i412qAnDHrfu5rPfD91Mh1h3HkXGDuvcAPoNyksRzbNOBszIQArdASbs0rKEBwb16iC7ILvOMBSnnDjNxt7YsaT3irX7DVarhl9ykdgIXY85JWsXKYMKaLqfxcKLe6XEpnktikuZPGoOKSM4RdYF7MWBUhaeozpAre29cveJENiZie8GGGNC7qUeSrbBiNYAyKBgpz3/dThh/iyb1GOCgTMoB8UJH7PQvhl8QKXAv0/eOBRr9aG/IST2xg+/Ntbf18qomWwqXDNX8euqcIKIifBWZYqARorYVlhIJt9XhW71EzQmoArgVDMThT+jqQTFPBE+MhbPTfRFmEsl2YkI3y9K7/6+BQSg1PNsSZbQ3l08+M0q4zjUdb3bJqPKLMS4uZqxBR1+aBDA1PQkH92zx/kKRcE7SJEDDcSsw8Lc14pckcbF6iYDingfef4Q74PEYqulDrhqaQafNIDCX3lDnm2N1aCCMBoqLDffwVtwUaIJVvw4X2XvrYXtyeGwU= ubuntu\n"
            },
            "name": "reddit-app",
            "network_acceleration_type": "standard",
            "network_interface": [
              {
                "dns_record": [],
                "index": 0,
                "ip_address": "10.128.0.25",
                "ipv4": true,
                "ipv6": false,
                "ipv6_address": "",
                "ipv6_dns_record": [],
                "mac_address": "d0:0d:ca:67:ae:b0",
                "nat": true,
                "nat_dns_record": [],
                "nat_ip_address": "51.250.80.195",
                "nat_ip_version": "IPV4",
                "security_group_ids": [],
                "subnet_id": "e9bveo7053lg65h96cqc"
              }
            ],
            "placement_policy": [
              {
                "host_affinity_rules": [],
                "placement_group_id": ""
              }
            ],
            "platform_id": "standard-v1",
            "resources": [
              {
                "core_fraction": 100,
                "cores": 2,
                "gpus": 0,
                "memory": 2
              }
            ],
            "scheduling_policy": [
              {
                "preemptible": false
              }
            ],
            "secondary_disk": [],
            "service_account_id": "",
            "status": "running",
            "timeouts": null,
            "zone": "ru-central1-a"
          },
          "private": "eyJlMmJmYjczMC1lY2FhLTExZTYtOGY4OC0zNDM2M2JjN2M0YzAiOnsiY3JlYXRlIjozMDAwMDAwMDAwMDAsImRlbGV0ZSI6MzAwMDAwMDAwMDAwLCJ1cGRhdGUiOjMwMDAwMDAwMDAwMH0sInNjaGVtYV92ZXJzaW9uIjoiMSJ9"
        }
      ]
    },
    {
      "module": "module.db",
      "mode": "managed",
      "type": "yandex_compute_instance",
      "name": "db",
      "provider": "provider[\"registry.terraform.io/yandex-cloud/yandex\"]",
      "instances": [
        {
          "schema_version": 1,
          "attributes": {
            "allow_recreate": null,
            "allow_stopping_for_update": null,
            "boot_disk": [
              {
                "auto_delete": true,
                "device_name": "fhmfm519cs2u0k337ar8",
                "disk_id": "fhmfm519cs2u0k337ar8",
                "initialize_params": [
                  {
                    "block_size": 4096,
                    "description": "",
                    "image_id": "fd81df0s0a4d4b01bu5t",
                    "name": "",
                    "size": 10,
                    "snapshot_id": "",
                    "type": "network-hdd"
                  }
                ],
                "mode": "READ_WRITE"
              }
            ],
            "created_at": "2022-08-23T19:19:15Z",
            "description": "",
            "folder_id": "b1gn3qkiobqao5rviv11",
            "fqdn": "fhmdgi8ejdr3klt9ev6k.auto.internal",
            "hostname": "",
            "id": "fhmdgi8ejdr3klt9ev6k",
            "labels": {
              "tags": "reddit-db"
            },
            "local_disk": [],
            "metadata": {
              "ssh-keys": "ubuntu:ssh-rsa AAAAB3NzaC1yc2EAAAADAQABAAABgQC4m8i412qAnDHrfu5rPfD91Mh1h3HkXGDuvcAPoNyksRzbNOBszIQArdASbs0rKEBwb16iC7ILvOMBSnnDjNxt7YsaT3irX7DVarhl9ykdgIXY85JWsXKYMKaLqfxcKLe6XEpnktikuZPGoOKSM4RdYF7MWBUhaeozpAre29cveJENiZie8GGGNC7qUeSrbBiNYAyKBgpz3/dThh/iyb1GOCgTMoB8UJH7PQvhl8QKXAv0/eOBRr9aG/IST2xg+/Ntbf18qomWwqXDNX8euqcIKIifBWZYqARorYVlhIJt9XhW71EzQmoArgVDMThT+jqQTFPBE+MhbPTfRFmEsl2YkI3y9K7/6+BQSg1PNsSZbQ3l08+M0q4zjUdb3bJqPKLMS4uZqxBR1+aBDA1PQkH92zx/kKRcE7SJEDDcSsw8Lc14pckcbF6iYDingfef4Q74PEYqulDrhqaQafNIDCX3lDnm2N1aCCMBoqLDffwVtwUaIJVvw4X2XvrYXtyeGwU= ubuntu\n"
            },
            "name": "reddit-db",
            "network_acceleration_type": "standard",
            "network_interface": [
              {
                "dns_record": [],
                "index": 0,
                "ip_address": "10.128.0.22",
                "ipv4": true,
                "ipv6": false,
                "ipv6_address": "",
                "ipv6_dns_record": [],
                "mac_address": "d0:0d:d8:49:0e:9b",
                "nat": true,
                "nat_dns_record": [],
                "nat_ip_address": "51.250.91.147",
                "nat_ip_version": "IPV4",
                "security_group_ids": [],
                "subnet_id": "e9bveo7053lg65h96cqc"
              }
            ],
            "placement_policy": [
              {
                "host_affinity_rules": [],
                "placement_group_id": ""
              }
            ],
            "platform_id": "standard-v1",
            "resources": [
              {
                "core_fraction": 100,
                "cores": 2,
                "gpus": 0,
                "memory": 2
              }
            ],
            "scheduling_policy": [
              {
                "preemptible": false
              }
            ],
            "secondary_disk": [],
            "service_account_id": "",
            "status": "running",
            "timeouts": null,
            "zone": "ru-central1-a"
          },
          "private": "eyJlMmJmYjczMC1lY2FhLTExZTYtOGY4OC0zNDM2M2JjN2M0YzAiOnsiY3JlYXRlIjozMDAwMDAwMDAwMDAsImRlbGV0ZSI6MzAwMDAwMDAwMDAwLCJ1cGRhdGUiOjMwMDAwMDAwMDAwMH0sInNjaGVtYV92ZXJzaW9uIjoiMSJ9"
        }
      ]
    }
  ]
}
