{
  "version": 4,
  "terraform_version": "0.13.2",
  "serial": 51,
  "lineage": "f0757a41-9583-78b6-b449-45d8abbdc9f0",
  "outputs": {
    "external_ip_address_app": {
      "value": "51.250.11.24",
      "type": "string"
    },
    "external_ip_address_db": {
      "value": "51.250.15.136",
      "type": "string"
    }
  },
  "resources": [
    {
      "mode": "managed",
      "type": "yandex_vpc_network",
      "name": "app-network",
      "provider": "provider[\"registry.terraform.io/yandex-cloud/yandex\"]",
      "instances": [
        {
          "schema_version": 0,
          "attributes": {
            "created_at": "2022-08-22T19:53:26Z",
            "default_security_group_id": "",
            "description": "",
            "folder_id": "b1gn3qkiobqao5rviv11",
            "id": "enpe5q171tu24bh0n9te",
            "labels": {},
            "name": "app-network",
            "subnet_ids": [],
            "timeouts": null
          },
          "private": "eyJlMmJmYjczMC1lY2FhLTExZTYtOGY4OC0zNDM2M2JjN2M0YzAiOnsiY3JlYXRlIjo2MDAwMDAwMDAwMCwiZGVsZXRlIjo2MDAwMDAwMDAwMCwidXBkYXRlIjo2MDAwMDAwMDAwMH19"
        }
      ]
    },
    {
      "mode": "managed",
      "type": "yandex_vpc_subnet",
      "name": "app-subnet",
      "provider": "provider[\"registry.terraform.io/yandex-cloud/yandex\"]",
      "instances": [
        {
          "schema_version": 0,
          "attributes": {
            "created_at": "2022-08-22T19:53:27Z",
            "description": "",
            "dhcp_options": [],
            "folder_id": "b1gn3qkiobqao5rviv11",
            "id": "e9bflir3qe79iqsjmjdu",
            "labels": {},
            "name": "app-subnet",
            "network_id": "enpe5q171tu24bh0n9te",
            "route_table_id": "",
            "timeouts": null,
            "v4_cidr_blocks": [
              "192.168.10.0/24"
            ],
            "v6_cidr_blocks": [],
            "zone": "ru-central1-a"
          },
          "private": "eyJlMmJmYjczMC1lY2FhLTExZTYtOGY4OC0zNDM2M2JjN2M0YzAiOnsiY3JlYXRlIjoxODAwMDAwMDAwMDAsImRlbGV0ZSI6MTgwMDAwMDAwMDAwLCJ1cGRhdGUiOjE4MDAwMDAwMDAwMH19",
          "dependencies": [
            "yandex_vpc_network.app-network"
          ]
        }
      ]
    },
    {
      "module": "module.app",
      "mode": "managed",
      "type": "yandex_compute_instance",
      "name": "app",
      "provider": "provider[\"registry.terraform.io/yandex-cloud/yandex\"]",
      "instances": [
        {
          "schema_version": 1,
          "attributes": {
            "allow_recreate": null,
            "allow_stopping_for_update": null,
            "boot_disk": [
              {
                "auto_delete": true,
                "device_name": "fhmh7uh2r9ueipmp8pjr",
                "disk_id": "fhmh7uh2r9ueipmp8pjr",
                "initialize_params": [
                  {
                    "block_size": 4096,
                    "description": "",
                    "image_id": "fd8tikooivj2brdamt4d",
                    "name": "",
                    "size": 10,
                    "snapshot_id": "",
                    "type": "network-hdd"
                  }
                ],
                "mode": "READ_WRITE"
              }
            ],
            "created_at": "2022-08-22T19:53:26Z",
            "description": "",
            "folder_id": "b1gn3qkiobqao5rviv11",
            "fqdn": "fhm841ro5ulurhs3jpc7.auto.internal",
            "hostname": "",
            "id": "fhm841ro5ulurhs3jpc7",
            "labels": {
              "tags": "reddit-app"
            },
            "local_disk": [],
            "metadata": {
              "ssh-keys": "ubuntu:ssh-rsa AAAAB3NzaC1yc2EAAAADAQABAAABgQC4m8i412qAnDHrfu5rPfD91Mh1h3HkXGDuvcAPoNyksRzbNOBszIQArdASbs0rKEBwb16iC7ILvOMBSnnDjNxt7YsaT3irX7DVarhl9ykdgIXY85JWsXKYMKaLqfxcKLe6XEpnktikuZPGoOKSM4RdYF7MWBUhaeozpAre29cveJENiZie8GGGNC7qUeSrbBiNYAyKBgpz3/dThh/iyb1GOCgTMoB8UJH7PQvhl8QKXAv0/eOBRr9aG/IST2xg+/Ntbf18qomWwqXDNX8euqcIKIifBWZYqARorYVlhIJt9XhW71EzQmoArgVDMThT+jqQTFPBE+MhbPTfRFmEsl2YkI3y9K7/6+BQSg1PNsSZbQ3l08+M0q4zjUdb3bJqPKLMS4uZqxBR1+aBDA1PQkH92zx/kKRcE7SJEDDcSsw8Lc14pckcbF6iYDingfef4Q74PEYqulDrhqaQafNIDCX3lDnm2N1aCCMBoqLDffwVtwUaIJVvw4X2XvrYXtyeGwU= ubuntu\n"
            },
            "name": "reddit-app",
            "network_acceleration_type": "standard",
            "network_interface": [
              {
                "dns_record": [],
                "index": 0,
                "ip_address": "10.128.0.29",
                "ipv4": true,
                "ipv6": false,
                "ipv6_address": "",
                "ipv6_dns_record": [],
                "mac_address": "d0:0d:82:07:78:2f",
                "nat": true,
                "nat_dns_record": [],
                "nat_ip_address": "51.250.11.24",
                "nat_ip_version": "IPV4",
                "security_group_ids": [],
                "subnet_id": "e9bveo7053lg65h96cqc"
              }
            ],
            "placement_policy": [
              {
                "host_affinity_rules": [],
                "placement_group_id": ""
              }
            ],
            "platform_id": "standard-v1",
            "resources": [
              {
                "core_fraction": 100,
                "cores": 2,
                "gpus": 0,
                "memory": 2
              }
            ],
            "scheduling_policy": [
              {
                "preemptible": false
              }
            ],
            "secondary_disk": [],
            "service_account_id": "",
            "status": "running",
            "timeouts": null,
            "zone": "ru-central1-a"
          },
          "private": "eyJlMmJmYjczMC1lY2FhLTExZTYtOGY4OC0zNDM2M2JjN2M0YzAiOnsiY3JlYXRlIjozMDAwMDAwMDAwMDAsImRlbGV0ZSI6MzAwMDAwMDAwMDAwLCJ1cGRhdGUiOjMwMDAwMDAwMDAwMH0sInNjaGVtYV92ZXJzaW9uIjoiMSJ9"
        }
      ]
    },
    {
      "module": "module.db",
      "mode": "managed",
      "type": "yandex_compute_instance",
      "name": "db",
      "provider": "provider[\"registry.terraform.io/yandex-cloud/yandex\"]",
      "instances": [
        {
          "schema_version": 1,
          "attributes": {
            "allow_recreate": null,
            "allow_stopping_for_update": null,
            "boot_disk": [
              {
                "auto_delete": true,
                "device_name": "fhm9v1a0bna3dk75pthg",
                "disk_id": "fhm9v1a0bna3dk75pthg",
                "initialize_params": [
                  {
                    "block_size": 4096,
                    "description": "",
                    "image_id": "fd81df0s0a4d4b01bu5t",
                    "name": "",
                    "size": 10,
                    "snapshot_id": "",
                    "type": "network-hdd"
                  }
                ],
                "mode": "READ_WRITE"
              }
            ],
            "created_at": "2022-08-22T19:53:26Z",
            "description": "",
            "folder_id": "b1gn3qkiobqao5rviv11",
            "fqdn": "fhmokmvhsfbtu0ah2j5m.auto.internal",
            "hostname": "",
            "id": "fhmokmvhsfbtu0ah2j5m",
            "labels": {
              "tags": "reddit-db"
            },
            "local_disk": [],
            "metadata": {
              "ssh-keys": "ubuntu:ssh-rsa AAAAB3NzaC1yc2EAAAADAQABAAABgQC4m8i412qAnDHrfu5rPfD91Mh1h3HkXGDuvcAPoNyksRzbNOBszIQArdASbs0rKEBwb16iC7ILvOMBSnnDjNxt7YsaT3irX7DVarhl9ykdgIXY85JWsXKYMKaLqfxcKLe6XEpnktikuZPGoOKSM4RdYF7MWBUhaeozpAre29cveJENiZie8GGGNC7qUeSrbBiNYAyKBgpz3/dThh/iyb1GOCgTMoB8UJH7PQvhl8QKXAv0/eOBRr9aG/IST2xg+/Ntbf18qomWwqXDNX8euqcIKIifBWZYqARorYVlhIJt9XhW71EzQmoArgVDMThT+jqQTFPBE+MhbPTfRFmEsl2YkI3y9K7/6+BQSg1PNsSZbQ3l08+M0q4zjUdb3bJqPKLMS4uZqxBR1+aBDA1PQkH92zx/kKRcE7SJEDDcSsw8Lc14pckcbF6iYDingfef4Q74PEYqulDrhqaQafNIDCX3lDnm2N1aCCMBoqLDffwVtwUaIJVvw4X2XvrYXtyeGwU= ubuntu\n"
            },
            "name": "reddit-db",
            "network_acceleration_type": "standard",
            "network_interface": [
              {
                "dns_record": [],
                "index": 0,
                "ip_address": "10.128.0.15",
                "ipv4": true,
                "ipv6": false,
                "ipv6_address": "",
                "ipv6_dns_record": [],
                "mac_address": "d0:0d:18:a5:bf:1e",
                "nat": true,
                "nat_dns_record": [],
                "nat_ip_address": "51.250.15.136",
                "nat_ip_version": "IPV4",
                "security_group_ids": [],
                "subnet_id": "e9bveo7053lg65h96cqc"
              }
            ],
            "placement_policy": [
              {
                "host_affinity_rules": [],
                "placement_group_id": ""
              }
            ],
            "platform_id": "standard-v1",
            "resources": [
              {
                "core_fraction": 100,
                "cores": 2,
                "gpus": 0,
                "memory": 2
              }
            ],
            "scheduling_policy": [
              {
                "preemptible": false
              }
            ],
            "secondary_disk": [],
            "service_account_id": "",
            "status": "running",
            "timeouts": null,
            "zone": "ru-central1-a"
          },
          "private": "eyJlMmJmYjczMC1lY2FhLTExZTYtOGY4OC0zNDM2M2JjN2M0YzAiOnsiY3JlYXRlIjozMDAwMDAwMDAwMDAsImRlbGV0ZSI6MzAwMDAwMDAwMDAwLCJ1cGRhdGUiOjMwMDAwMDAwMDAwMH0sInNjaGVtYV92ZXJzaW9uIjoiMSJ9"
        }
      ]
    },
    {
      "module": "module.vpc",
      "mode": "managed",
      "type": "yandex_vpc_subnet",
      "name": "app-subnet",
      "provider": "provider[\"registry.terraform.io/yandex-cloud/yandex\"]",
      "instances": []
    }
  ]
}
